
Microsoft Visual Studio Solution File, Format Version 12.00
# Visual Studio Version 17
VisualStudioVersion = 17.1.32210.238
MinimumVisualStudioVersion = 10.0.40219.1
Project("{888888A0-9F3D-457C-B088-3A5042F75D52}") = "TSDC", "TSDC\TSDC.pyproj", "{A427F126-C4C3-456A-852E-232F3A5499B7}"
EndProject
Global
	GlobalSection(SolutionConfigurationPlatforms) = preSolution
		Debug|Any CPU = Debug|Any CPU
		Release|Any CPU = Release|Any CPU
	EndGlobalSection
	GlobalSection(ProjectConfigurationPlatforms) = postSolution
		{A427F126-C4C3-456A-852E-232F3A5499B7}.Debug|Any CPU.ActiveCfg = Debug|Any CPU
		{A427F126-C4C3-456A-852E-232F3A5499B7}.Debug|Any CPU.Build.0 = Debug|Any CPU
		{A427F126-C4C3-456A-852E-232F3A5499B7}.Release|Any CPU.ActiveCfg = Release|Any CPU
		{A427F126-C4C3-456A-852E-232F3A5499B7}.Release|Any CPU.Build.0 = Release|Any CPU
	EndGlobalSection
	GlobalSection(SolutionProperties) = preSolution
		HideSolutionNode = FALSE
	EndGlobalSection
	GlobalSection(ExtensibilityGlobals) = postSolution
		SolutionGuid = {1F90F875-AE8A-48BF-B745-A418B828675B}
	EndGlobalSection
EndGlobal
